
Microsoft Visual Studio Solution File, Format Version 12.00
# Visual Studio Version 17
VisualStudioVersion = 17.4.33213.308
MinimumVisualStudioVersion = 10.0.40219.1
Project("{FAE04EC0-301F-11D3-BF4B-00C04F79EFBC}") = "FF7Scarlet", "FF7Scarlet.csproj", "{5732E8E8-DE5D-4339-B27B-E881E68B5429}"
EndProject
Global
	GlobalSection(SolutionConfigurationPlatforms) = preSolution
		Debug|Any CPU = Debug|Any CPU
		Release|Any CPU = Release|Any CPU
	EndGlobalSection
	GlobalSection(ProjectConfigurationPlatforms) = postSolution
		{5732E8E8-DE5D-4339-B27B-E881E68B5429}.Debug|Any CPU.ActiveCfg = Debug|Any CPU
		{5732E8E8-DE5D-4339-B27B-E881E68B5429}.Debug|Any CPU.Build.0 = Debug|Any CPU
		{5732E8E8-DE5D-4339-B27B-E881E68B5429}.Release|Any CPU.ActiveCfg = Release|Any CPU
		{5732E8E8-DE5D-4339-B27B-E881E68B5429}.Release|Any CPU.Build.0 = Release|Any CPU
	EndGlobalSection
	GlobalSection(SolutionProperties) = preSolution
		HideSolutionNode = FALSE
	EndGlobalSection
	GlobalSection(ExtensibilityGlobals) = postSolution
		SolutionGuid = {ECF0D546-A9FE-4216-B8B6-C38A9A44E97C}
	EndGlobalSection
EndGlobal
